
Microsoft Visual Studio Solution File, Format Version 12.00
# Visual Studio Version 17
VisualStudioVersion = 17.6.33801.468
MinimumVisualStudioVersion = 10.0.40219.1
Project("{9A19103F-16F7-4668-BE54-9A1E7A4F7556}") = "htmlToPdfInNet6", "htmlToPdfInNet6\htmlToPdfInNet6.csproj", "{0D879776-34A8-42E3-B6E8-504F1E1B8D0A}"
EndProject
Global
	GlobalSection(SolutionConfigurationPlatforms) = preSolution
		Debug|Any CPU = Debug|Any CPU
		Release|Any CPU = Release|Any CPU
	EndGlobalSection
	GlobalSection(ProjectConfigurationPlatforms) = postSolution
		{0D879776-34A8-42E3-B6E8-504F1E1B8D0A}.Debug|Any CPU.ActiveCfg = Debug|Any CPU
		{0D879776-34A8-42E3-B6E8-504F1E1B8D0A}.Debug|Any CPU.Build.0 = Debug|Any CPU
		{0D879776-34A8-42E3-B6E8-504F1E1B8D0A}.Release|Any CPU.ActiveCfg = Release|Any CPU
		{0D879776-34A8-42E3-B6E8-504F1E1B8D0A}.Release|Any CPU.Build.0 = Release|Any CPU
	EndGlobalSection
	GlobalSection(SolutionProperties) = preSolution
		HideSolutionNode = FALSE
	EndGlobalSection
	GlobalSection(ExtensibilityGlobals) = postSolution
		SolutionGuid = {CC011C45-8F4B-4624-9E91-677DB212DAEA}
	EndGlobalSection
EndGlobal
